dependencies:
  espressif/ble_conn_mgr:
    component_hash: 27aa00708f90ec6d382fd74e19abc3e359b09e9d269e33fae4bcdc03fb6f5df3
    dependencies:
    - name: espressif/cmake_utilities
      registry_url: https://components.espressif.com
      require: private
      version: 0.*
    - name: idf
      require: private
      version: '>=4.3'
    source:
      registry_url: https://components.espressif.com/
      type: service
    version: 0.1.3
  espressif/ble_services:
    component_hash: 18f932ae372b598409441b8a99d8b2ed93015c7c808413eaca2aec93de77fcfa
    dependencies: []
    source:
      registry_url: https://components.espressif.com/
      type: service
    version: 1.0.0
  espressif/cmake_utilities:
    component_hash: 351350613ceafba240b761b4ea991e0f231ac7a9f59a9ee901f751bddc0bb18f
    dependencies:
    - name: idf
      require: private
      version: '>=4.1'
    source:
      registry_url: https://components.espressif.com
      type: service
    version: 0.5.3
  espressif/led_strip:
    component_hash: 223998f10cae6d81f2ad2dd3c1103c2221be298c708e37917482b0153f3ec64e
    dependencies:
    - name: idf
      require: private
      version: '>=5.0'
    source:
      registry_url: https://components.espressif.com/
      type: service
    version: 3.0.1~1
  idf:
    source:
      type: idf
    version: 5.5.0
  kodediy/kode_bq25896:
    component_hash: 0ea97fd6766697b187c8b9819fc92806c1afe2a97acc0b61cd79c05958b30be4
    dependencies:
    - name: espressif/cmake_utilities
      registry_url: https://components.espressif.com
      require: private
      version: 0.*
    - name: idf
      require: private
      version: '>=5.0.0'
    source:
      registry_url: https://components.espressif.com/
      type: service
    version: 1.0.1
direct_dependencies:
- espressif/ble_conn_mgr
- espressif/ble_services
- espressif/led_strip
- idf
- kodediy/kode_bq25896
manifest_hash: a770e3014e7160335cb42fb0dccc6acac98a8cd82ed3603d037d9b739f147313
target: esp32
version: 2.0.0
